{
  "requires": true,
  "lockfileVersion": 1,
  "dependencies": {
    "spacetime": {
      "version": "5.9.0",
      "resolved": "https://registry.npmjs.org/spacetime/-/spacetime-5.9.0.tgz",
      "integrity": "sha512-Ets8rUqVN+72DioMz8zKZ/gClM+4rIexenCY0Yx0AK7urqRvaV81X8mWinezF3/Kamg0Gq+e2iyDcYA8YRlhKQ=="
    }
  }
}
