{
  "requires": true,
  "lockfileVersion": 1,
  "dependencies": {
    "spacetime": {
      "version": "4.3.0",
      "resolved": "https://registry.npmjs.org/spacetime/-/spacetime-4.3.0.tgz",
      "integrity": "sha512-g4bT+2YfICOyGNVIDXTVD5r3eItu/nGDXg8XjDB21M28xkLdth/vFVp30MG1vZAPl2psCIDEL+1IxyF7O3C1aQ=="
    }
  }
}
